
Microsoft Visual Studio Solution File, Format Version 12.00
# Visual Studio Version 16
VisualStudioVersion = 16.0.32002.261
MinimumVisualStudioVersion = 10.0.40219.1
Project("{FAE04EC0-301F-11D3-BF4B-00C04F79EFBC}") = "VisioSchemes", "VisioSchemes\VisioSchemes.csproj", "{CD98629B-9152-491D-9D9F-1939D0907666}"
EndProject
Project("{FAE04EC0-301F-11D3-BF4B-00C04F79EFBC}") = "Matan", "Matan\Matan.csproj", "{0FC2EBBD-0A64-4D8B-B5C0-6656F176B5A3}"
EndProject
Project("{FAE04EC0-301F-11D3-BF4B-00C04F79EFBC}") = "VisioExtensions", "VisioExtensions\VisioExtensions.csproj", "{B7B64713-42F5-48A9-8A3F-BF59B35F84CA}"
EndProject
Global
	GlobalSection(SolutionConfigurationPlatforms) = preSolution
		Debug|Any CPU = Debug|Any CPU
		Release|Any CPU = Release|Any CPU
	EndGlobalSection
	GlobalSection(ProjectConfigurationPlatforms) = postSolution
		{CD98629B-9152-491D-9D9F-1939D0907666}.Debug|Any CPU.ActiveCfg = Debug|Any CPU
		{CD98629B-9152-491D-9D9F-1939D0907666}.Debug|Any CPU.Build.0 = Debug|Any CPU
		{CD98629B-9152-491D-9D9F-1939D0907666}.Release|Any CPU.ActiveCfg = Release|Any CPU
		{CD98629B-9152-491D-9D9F-1939D0907666}.Release|Any CPU.Build.0 = Release|Any CPU
		{0FC2EBBD-0A64-4D8B-B5C0-6656F176B5A3}.Debug|Any CPU.ActiveCfg = Debug|Any CPU
		{0FC2EBBD-0A64-4D8B-B5C0-6656F176B5A3}.Debug|Any CPU.Build.0 = Debug|Any CPU
		{0FC2EBBD-0A64-4D8B-B5C0-6656F176B5A3}.Release|Any CPU.ActiveCfg = Release|Any CPU
		{0FC2EBBD-0A64-4D8B-B5C0-6656F176B5A3}.Release|Any CPU.Build.0 = Release|Any CPU
		{B7B64713-42F5-48A9-8A3F-BF59B35F84CA}.Debug|Any CPU.ActiveCfg = Debug|Any CPU
		{B7B64713-42F5-48A9-8A3F-BF59B35F84CA}.Debug|Any CPU.Build.0 = Debug|Any CPU
		{B7B64713-42F5-48A9-8A3F-BF59B35F84CA}.Release|Any CPU.ActiveCfg = Release|Any CPU
		{B7B64713-42F5-48A9-8A3F-BF59B35F84CA}.Release|Any CPU.Build.0 = Release|Any CPU
	EndGlobalSection
	GlobalSection(SolutionProperties) = preSolution
		HideSolutionNode = FALSE
	EndGlobalSection
	GlobalSection(ExtensibilityGlobals) = postSolution
		SolutionGuid = {7205C7C5-4849-47C3-BBFF-470E42457342}
	EndGlobalSection
EndGlobal
